
Microsoft Visual Studio Solution File, Format Version 11.00
# Visual Studio 2010
Project("{FAE04EC0-301F-11D3-BF4B-00C04F79EFBC}") = "FacebookAPIService", "FacebookAPIService\FacebookAPIService.csproj", "{3CD20035-73EA-43C6-B089-5676D793AF52}"
EndProject
Project("{FAE04EC0-301F-11D3-BF4B-00C04F79EFBC}") = "StorageService", "StorageService\StorageService.csproj", "{18D719A8-C329-47CE-91D5-20A808E83C3E}"
EndProject
Project("{FAE04EC0-301F-11D3-BF4B-00C04F79EFBC}") = "LogBookService", "LogBookService\LogBookService.csproj", "{0788FEAF-623B-4524-9B5F-9022F0D99DAE}"
	ProjectSection(ProjectDependencies) = postProject
		{18D719A8-C329-47CE-91D5-20A808E83C3E} = {18D719A8-C329-47CE-91D5-20A808E83C3E}
	EndProjectSection
EndProject
Project("{FAE04EC0-301F-11D3-BF4B-00C04F79EFBC}") = "CoreServicesHost", "StorageServiceHost\CoreServicesHost.csproj", "{C918AC52-8398-4B09-9F86-D2CBEC74DB1B}"
EndProject
Project("{2150E333-8FDC-42A3-9474-1A3956D46DE8}") = "Core", "Core", "{533DAFCE-CD50-488B-B4B6-734F250492D7}"
EndProject
Project("{2150E333-8FDC-42A3-9474-1A3956D46DE8}") = "Utilities", "Utilities", "{C68D085C-1E48-4077-84D9-065C16ECCC64}"
EndProject
Project("{2150E333-8FDC-42A3-9474-1A3956D46DE8}") = "Engines", "Engines", "{6D9CD88C-8ADA-41B8-A0B2-401049FB26E1}"
EndProject
Project("{2150E333-8FDC-42A3-9474-1A3956D46DE8}") = "Manager", "Manager", "{1E79755D-01A2-4F98-83E4-18C3EA16C351}"
EndProject
Project("{FAE04EC0-301F-11D3-BF4B-00C04F79EFBC}") = "TokensEngine", "TokensEngine\TokensEngine.csproj", "{E3ED6E4F-6DC9-4403-A1F3-439302705E4B}"
	ProjectSection(ProjectDependencies) = postProject
		{0788FEAF-623B-4524-9B5F-9022F0D99DAE} = {0788FEAF-623B-4524-9B5F-9022F0D99DAE}
	EndProjectSection
EndProject
Project("{FAE04EC0-301F-11D3-BF4B-00C04F79EFBC}") = "TokensEngine.Test", "TokensEngine.Test\TokensEngine.Test.csproj", "{53BC10EA-DC21-4114-869B-9113887C3B9C}"
EndProject
Project("{FAE04EC0-301F-11D3-BF4B-00C04F79EFBC}") = "UtilitiesHost", "UtilitiesHost\UtilitiesHost.csproj", "{61956AEC-714B-465C-9C7A-BF95938C1B85}"
EndProject
Global
	GlobalSection(SolutionConfigurationPlatforms) = preSolution
		Debug|Any CPU = Debug|Any CPU
		Debug|Mixed Platforms = Debug|Mixed Platforms
		Debug|x86 = Debug|x86
		Release|Any CPU = Release|Any CPU
		Release|Mixed Platforms = Release|Mixed Platforms
		Release|x86 = Release|x86
	EndGlobalSection
	GlobalSection(ProjectConfigurationPlatforms) = postSolution
		{3CD20035-73EA-43C6-B089-5676D793AF52}.Debug|Any CPU.ActiveCfg = Debug|Any CPU
		{3CD20035-73EA-43C6-B089-5676D793AF52}.Debug|Any CPU.Build.0 = Debug|Any CPU
		{3CD20035-73EA-43C6-B089-5676D793AF52}.Debug|Mixed Platforms.ActiveCfg = Debug|Any CPU
		{3CD20035-73EA-43C6-B089-5676D793AF52}.Debug|Mixed Platforms.Build.0 = Debug|Any CPU
		{3CD20035-73EA-43C6-B089-5676D793AF52}.Debug|x86.ActiveCfg = Debug|Any CPU
		{3CD20035-73EA-43C6-B089-5676D793AF52}.Release|Any CPU.ActiveCfg = Release|Any CPU
		{3CD20035-73EA-43C6-B089-5676D793AF52}.Release|Any CPU.Build.0 = Release|Any CPU
		{3CD20035-73EA-43C6-B089-5676D793AF52}.Release|Mixed Platforms.ActiveCfg = Release|Any CPU
		{3CD20035-73EA-43C6-B089-5676D793AF52}.Release|Mixed Platforms.Build.0 = Release|Any CPU
		{3CD20035-73EA-43C6-B089-5676D793AF52}.Release|x86.ActiveCfg = Release|Any CPU
		{18D719A8-C329-47CE-91D5-20A808E83C3E}.Debug|Any CPU.ActiveCfg = Debug|Any CPU
		{18D719A8-C329-47CE-91D5-20A808E83C3E}.Debug|Any CPU.Build.0 = Debug|Any CPU
		{18D719A8-C329-47CE-91D5-20A808E83C3E}.Debug|Mixed Platforms.ActiveCfg = Debug|Any CPU
		{18D719A8-C329-47CE-91D5-20A808E83C3E}.Debug|Mixed Platforms.Build.0 = Debug|Any CPU
		{18D719A8-C329-47CE-91D5-20A808E83C3E}.Debug|x86.ActiveCfg = Debug|Any CPU
		{18D719A8-C329-47CE-91D5-20A808E83C3E}.Release|Any CPU.ActiveCfg = Release|Any CPU
		{18D719A8-C329-47CE-91D5-20A808E83C3E}.Release|Any CPU.Build.0 = Release|Any CPU
		{18D719A8-C329-47CE-91D5-20A808E83C3E}.Release|Mixed Platforms.ActiveCfg = Release|Any CPU
		{18D719A8-C329-47CE-91D5-20A808E83C3E}.Release|Mixed Platforms.Build.0 = Release|Any CPU
		{18D719A8-C329-47CE-91D5-20A808E83C3E}.Release|x86.ActiveCfg = Release|Any CPU
		{0788FEAF-623B-4524-9B5F-9022F0D99DAE}.Debug|Any CPU.ActiveCfg = Debug|Any CPU
		{0788FEAF-623B-4524-9B5F-9022F0D99DAE}.Debug|Any CPU.Build.0 = Debug|Any CPU
		{0788FEAF-623B-4524-9B5F-9022F0D99DAE}.Debug|Mixed Platforms.ActiveCfg = Debug|Any CPU
		{0788FEAF-623B-4524-9B5F-9022F0D99DAE}.Debug|Mixed Platforms.Build.0 = Debug|Any CPU
		{0788FEAF-623B-4524-9B5F-9022F0D99DAE}.Debug|x86.ActiveCfg = Debug|Any CPU
		{0788FEAF-623B-4524-9B5F-9022F0D99DAE}.Release|Any CPU.ActiveCfg = Release|Any CPU
		{0788FEAF-623B-4524-9B5F-9022F0D99DAE}.Release|Any CPU.Build.0 = Release|Any CPU
		{0788FEAF-623B-4524-9B5F-9022F0D99DAE}.Release|Mixed Platforms.ActiveCfg = Release|Any CPU
		{0788FEAF-623B-4524-9B5F-9022F0D99DAE}.Release|Mixed Platforms.Build.0 = Release|Any CPU
		{0788FEAF-623B-4524-9B5F-9022F0D99DAE}.Release|x86.ActiveCfg = Release|Any CPU
		{C918AC52-8398-4B09-9F86-D2CBEC74DB1B}.Debug|Any CPU.ActiveCfg = Debug|x86
		{C918AC52-8398-4B09-9F86-D2CBEC74DB1B}.Debug|Mixed Platforms.ActiveCfg = Debug|x86
		{C918AC52-8398-4B09-9F86-D2CBEC74DB1B}.Debug|Mixed Platforms.Build.0 = Debug|x86
		{C918AC52-8398-4B09-9F86-D2CBEC74DB1B}.Debug|x86.ActiveCfg = Debug|x86
		{C918AC52-8398-4B09-9F86-D2CBEC74DB1B}.Debug|x86.Build.0 = Debug|x86
		{C918AC52-8398-4B09-9F86-D2CBEC74DB1B}.Release|Any CPU.ActiveCfg = Release|x86
		{C918AC52-8398-4B09-9F86-D2CBEC74DB1B}.Release|Mixed Platforms.ActiveCfg = Release|x86
		{C918AC52-8398-4B09-9F86-D2CBEC74DB1B}.Release|Mixed Platforms.Build.0 = Release|x86
		{C918AC52-8398-4B09-9F86-D2CBEC74DB1B}.Release|x86.ActiveCfg = Release|x86
		{C918AC52-8398-4B09-9F86-D2CBEC74DB1B}.Release|x86.Build.0 = Release|x86
		{E3ED6E4F-6DC9-4403-A1F3-439302705E4B}.Debug|Any CPU.ActiveCfg = Debug|Any CPU
		{E3ED6E4F-6DC9-4403-A1F3-439302705E4B}.Debug|Any CPU.Build.0 = Debug|Any CPU
		{E3ED6E4F-6DC9-4403-A1F3-439302705E4B}.Debug|Mixed Platforms.ActiveCfg = Debug|Any CPU
		{E3ED6E4F-6DC9-4403-A1F3-439302705E4B}.Debug|Mixed Platforms.Build.0 = Debug|Any CPU
		{E3ED6E4F-6DC9-4403-A1F3-439302705E4B}.Debug|x86.ActiveCfg = Debug|Any CPU
		{E3ED6E4F-6DC9-4403-A1F3-439302705E4B}.Release|Any CPU.ActiveCfg = Release|Any CPU
		{E3ED6E4F-6DC9-4403-A1F3-439302705E4B}.Release|Any CPU.Build.0 = Release|Any CPU
		{E3ED6E4F-6DC9-4403-A1F3-439302705E4B}.Release|Mixed Platforms.ActiveCfg = Release|Any CPU
		{E3ED6E4F-6DC9-4403-A1F3-439302705E4B}.Release|Mixed Platforms.Build.0 = Release|Any CPU
		{E3ED6E4F-6DC9-4403-A1F3-439302705E4B}.Release|x86.ActiveCfg = Release|Any CPU
		{53BC10EA-DC21-4114-869B-9113887C3B9C}.Debug|Any CPU.ActiveCfg = Debug|x86
		{53BC10EA-DC21-4114-869B-9113887C3B9C}.Debug|Mixed Platforms.ActiveCfg = Debug|x86
		{53BC10EA-DC21-4114-869B-9113887C3B9C}.Debug|Mixed Platforms.Build.0 = Debug|x86
		{53BC10EA-DC21-4114-869B-9113887C3B9C}.Debug|x86.ActiveCfg = Debug|x86
		{53BC10EA-DC21-4114-869B-9113887C3B9C}.Debug|x86.Build.0 = Debug|x86
		{53BC10EA-DC21-4114-869B-9113887C3B9C}.Release|Any CPU.ActiveCfg = Release|x86
		{53BC10EA-DC21-4114-869B-9113887C3B9C}.Release|Mixed Platforms.ActiveCfg = Release|x86
		{53BC10EA-DC21-4114-869B-9113887C3B9C}.Release|Mixed Platforms.Build.0 = Release|x86
		{53BC10EA-DC21-4114-869B-9113887C3B9C}.Release|x86.ActiveCfg = Release|x86
		{53BC10EA-DC21-4114-869B-9113887C3B9C}.Release|x86.Build.0 = Release|x86
		{61956AEC-714B-465C-9C7A-BF95938C1B85}.Debug|Any CPU.ActiveCfg = Debug|x86
		{61956AEC-714B-465C-9C7A-BF95938C1B85}.Debug|Mixed Platforms.ActiveCfg = Debug|x86
		{61956AEC-714B-465C-9C7A-BF95938C1B85}.Debug|Mixed Platforms.Build.0 = Debug|x86
		{61956AEC-714B-465C-9C7A-BF95938C1B85}.Debug|x86.ActiveCfg = Debug|x86
		{61956AEC-714B-465C-9C7A-BF95938C1B85}.Debug|x86.Build.0 = Debug|x86
		{61956AEC-714B-465C-9C7A-BF95938C1B85}.Release|Any CPU.ActiveCfg = Release|x86
		{61956AEC-714B-465C-9C7A-BF95938C1B85}.Release|Mixed Platforms.ActiveCfg = Release|x86
		{61956AEC-714B-465C-9C7A-BF95938C1B85}.Release|Mixed Platforms.Build.0 = Release|x86
		{61956AEC-714B-465C-9C7A-BF95938C1B85}.Release|x86.ActiveCfg = Release|x86
		{61956AEC-714B-465C-9C7A-BF95938C1B85}.Release|x86.Build.0 = Release|x86
	EndGlobalSection
	GlobalSection(SolutionProperties) = preSolution
		HideSolutionNode = FALSE
	EndGlobalSection
	GlobalSection(NestedProjects) = preSolution
		{18D719A8-C329-47CE-91D5-20A808E83C3E} = {533DAFCE-CD50-488B-B4B6-734F250492D7}
		{3CD20035-73EA-43C6-B089-5676D793AF52} = {533DAFCE-CD50-488B-B4B6-734F250492D7}
		{C918AC52-8398-4B09-9F86-D2CBEC74DB1B} = {533DAFCE-CD50-488B-B4B6-734F250492D7}
		{0788FEAF-623B-4524-9B5F-9022F0D99DAE} = {C68D085C-1E48-4077-84D9-065C16ECCC64}
		{61956AEC-714B-465C-9C7A-BF95938C1B85} = {C68D085C-1E48-4077-84D9-065C16ECCC64}
		{E3ED6E4F-6DC9-4403-A1F3-439302705E4B} = {6D9CD88C-8ADA-41B8-A0B2-401049FB26E1}
		{53BC10EA-DC21-4114-869B-9113887C3B9C} = {6D9CD88C-8ADA-41B8-A0B2-401049FB26E1}
	EndGlobalSection
EndGlobal
